// !$*UTF8*$!
{
	archiveVersion = 1;
	classes = {
	};
	objectVersion = 56;
	objects = {

/* Begin PBXBuildFile section */
		DFAF10072B4405A700BAF964 /* AppDelegate.swift in Sources */ = {isa = PBXBuildFile; fileRef = DFAF10062B4405A700BAF964 /* AppDelegate.swift */; };
		DFAF10092B4405A700BAF964 /* SceneDelegate.swift in Sources */ = {isa = PBXBuildFile; fileRef = DFAF10082B4405A700BAF964 /* SceneDelegate.swift */; };
		DFAF100B2B4405A700BAF964 /* ViewController.swift in Sources */ = {isa = PBXBuildFile; fileRef = DFAF100A2B4405A700BAF964 /* ViewController.swift */; };
		DFAF100E2B4405A700BAF964 /* Main.storyboard in Resources */ = {isa = PBXBuildFile; fileRef = DFAF100C2B4405A700BAF964 /* Main.storyboard */; };
		DFAF10102B4405A900BAF964 /* Assets.xcassets in Resources */ = {isa = PBXBuildFile; fileRef = DFAF100F2B4405A900BAF964 /* Assets.xcassets */; };
		DFAF10132B4405A900BAF964 /* LaunchScreen.storyboard in Resources */ = {isa = PBXBuildFile; fileRef = DFAF10112B4405A900BAF964 /* LaunchScreen.storyboard */; };
		DFAF101E2B44060700BAF964 /* MyTableViewCell.swift in Sources */ = {isa = PBXBuildFile; fileRef = DFAF101C2B44060700BAF964 /* MyTableViewCell.swift */; };
		DFAF101F2B44060700BAF964 /* MyTableViewCell.xib in Resources */ = {isa = PBXBuildFile; fileRef = DFAF101D2B44060700BAF964 /* MyTableViewCell.xib */; };
		DFAF10222B44062C00BAF964 /* MyCollectionViewCell.swift in Sources */ = {isa = PBXBuildFile; fileRef = DFAF10202B44062C00BAF964 /* MyCollectionViewCell.swift */; };
		DFAF10232B44062C00BAF964 /* MyCollectionViewCell.xib in Resources */ = {isa = PBXBuildFile; fileRef = DFAF10212B44062C00BAF964 /* MyCollectionViewCell.xib */; };
/* End PBXBuildFile section */

/* Begin PBXFileReference section */
		DFAF10032B4405A700BAF964 /* CollectionView_in_TableViewCell.app */ = {isa = PBXFileReference; explicitFileType = wrapper.application; includeInIndex = 0; path = CollectionView_in_TableViewCell.app; sourceTree = BUILT_PRODUCTS_DIR; };
		DFAF10062B4405A700BAF964 /* AppDelegate.swift */ = {isa = PBXFileReference; lastKnownFileType = sourcecode.swift; path = AppDelegate.swift; sourceTree = "<group>"; };
		DFAF10082B4405A700BAF964 /* SceneDelegate.swift */ = {isa = PBXFileReference; lastKnownFileType = sourcecode.swift; path = SceneDelegate.swift; sourceTree = "<group>"; };
		DFAF100A2B4405A700BAF964 /* ViewController.swift */ = {isa = PBXFileReference; lastKnownFileType = sourcecode.swift; path = ViewController.swift; sourceTree = "<group>"; };
		DFAF100D2B4405A700BAF964 /* Base */ = {isa = PBXFileReference; lastKnownFileType = file.storyboard; name = Base; path = Base.lproj/Main.storyboard; sourceTree = "<group>"; };
		DFAF100F2B4405A900BAF964 /* Assets.xcassets */ = {isa = PBXFileReference; lastKnownFileType = folder.assetcatalog; path = Assets.xcassets; sourceTree = "<group>"; };
		DFAF10122B4405A900BAF964 /* Base */ = {isa = PBXFileReference; lastKnownFileType = file.storyboard; name = Base; path = Base.lproj/LaunchScreen.storyboard; sourceTree = "<group>"; };
		DFAF10142B4405A900BAF964 /* Info.plist */ = {isa = PBXFileReference; lastKnownFileType = text.plist.xml; path = Info.plist; sourceTree = "<group>"; };
		DFAF101C2B44060700BAF964 /* MyTableViewCell.swift */ = {isa = PBXFileReference; lastKnownFileType = sourcecode.swift; path = MyTableViewCell.swift; sourceTree = "<group>"; };
		DFAF101D2B44060700BAF964 /* MyTableViewCell.xib */ = {isa = PBXFileReference; lastKnownFileType = file.xib; path = MyTableViewCell.xib; sourceTree = "<group>"; };
		DFAF10202B44062C00BAF964 /* MyCollectionViewCell.swift */ = {isa = PBXFileReference; lastKnownFileType = sourcecode.swift; path = MyCollectionViewCell.swift; sourceTree = "<group>"; };
		DFAF10212B44062C00BAF964 /* MyCollectionViewCell.xib */ = {isa = PBXFileReference; lastKnownFileType = file.xib; path = MyCollectionViewCell.xib; sourceTree = "<group>"; };
/* End PBXFileReference section */

/* Begin PBXFrameworksBuildPhase section */
		DFAF10002B4405A700BAF964 /* Frameworks */ = {
			isa = PBXFrameworksBuildPhase;
			buildActionMask = 2147483647;
			files = (
			);
			runOnlyForDeploymentPostprocessing = 0;
		};
/* End PBXFrameworksBuildPhase section */

/* Begin PBXGroup section */
		DFAF0FFA2B4405A700BAF964 = {
			isa = PBXGroup;
			children = (
				DFAF10052B4405A700BAF964 /* CollectionView_in_TableViewCell */,
				DFAF10042B4405A700BAF964 /* Products */,
			);
			sourceTree = "<group>";
		};
		DFAF10042B4405A700BAF964 /* Products */ = {
			isa = PBXGroup;
			children = (
				DFAF10032B4405A700BAF964 /* CollectionView_in_TableViewCell.app */,
			);
			name = Products;
			sourceTree = "<group>";
		};
		DFAF10052B4405A700BAF964 /* CollectionView_in_TableViewCell */ = {
			isa = PBXGroup;
			children = (
				DFAF101B2B4405C500BAF964 /* ColllectionViewCell */,
				DFAF101A2B4405AE00BAF964 /* TableViewCell */,
				DFAF10062B4405A700BAF964 /* AppDelegate.swift */,
				DFAF10082B4405A700BAF964 /* SceneDelegate.swift */,
				DFAF100A2B4405A700BAF964 /* ViewController.swift */,
				DFAF100C2B4405A700BAF964 /* Main.storyboard */,
				DFAF100F2B4405A900BAF964 /* Assets.xcassets */,
				DFAF10112B4405A900BAF964 /* LaunchScreen.storyboard */,
				DFAF10142B4405A900BAF964 /* Info.plist */,
			);
			path = CollectionView_in_TableViewCell;
			sourceTree = "<group>";
		};
		DFAF101A2B4405AE00BAF964 /* TableViewCell */ = {
			isa = PBXGroup;
			children = (
				DFAF101C2B44060700BAF964 /* MyTableViewCell.swift */,
				DFAF101D2B44060700BAF964 /* MyTableViewCell.xib */,
			);
			path = TableViewCell;
			sourceTree = "<group>";
		};
		DFAF101B2B4405C500BAF964 /* ColllectionViewCell */ = {
			isa = PBXGroup;
			children = (
				DFAF10202B44062C00BAF964 /* MyCollectionViewCell.swift */,
				DFAF10212B44062C00BAF964 /* MyCollectionViewCell.xib */,
			);
			path = ColllectionViewCell;
			sourceTree = "<group>";
		};
/* End PBXGroup section */

/* Begin PBXNativeTarget section */
		DFAF10022B4405A700BAF964 /* CollectionView_in_TableViewCell */ = {
			isa = PBXNativeTarget;
			buildConfigurationList = DFAF10172B4405A900BAF964 /* Build configuration list for PBXNativeTarget "CollectionView_in_TableViewCell" */;
			buildPhases = (
				DFAF0FFF2B4405A700BAF964 /* Sources */,
				DFAF10002B4405A700BAF964 /* Frameworks */,
				DFAF10012B4405A700BAF964 /* Resources */,
			);
			buildRules = (
			);
			dependencies = (
			);
			name = CollectionView_in_TableViewCell;
			productName = CollectionView_in_TableViewCell;
			productReference = DFAF10032B4405A700BAF964 /* CollectionView_in_TableViewCell.app */;
			productType = "com.apple.product-type.application";
		};
/* End PBXNativeTarget section */

/* Begin PBXProject section */
		DFAF0FFB2B4405A700BAF964 /* Project object */ = {
			isa = PBXProject;
			attributes = {
				BuildIndependentTargetsInParallel = 1;
				LastSwiftUpdateCheck = 1410;
				LastUpgradeCheck = 1410;
				TargetAttributes = {
					DFAF10022B4405A700BAF964 = {
						CreatedOnToolsVersion = 14.1;
					};
				};
			};
			buildConfigurationList = DFAF0FFE2B4405A700BAF964 /* Build configuration list for PBXProject "CollectionView_in_TableViewCell" */;
			compatibilityVersion = "Xcode 14.0";
			developmentRegion = en;
			hasScannedForEncodings = 0;
			knownRegions = (
				en,
				Base,
			);
			mainGroup = DFAF0FFA2B4405A700BAF964;
			productRefGroup = DFAF10042B4405A700BAF964 /* Products */;
			projectDirPath = "";
			projectRoot = "";
			targets = (
				DFAF10022B4405A700BAF964 /* CollectionView_in_TableViewCell */,
			);
		};
/* End PBXProject section */

/* Begin PBXResourcesBuildPhase section */
		DFAF10012B4405A700BAF964 /* Resources */ = {
			isa = PBXResourcesBuildPhase;
			buildActionMask = 2147483647;
			files = (
				DFAF10232B44062C00BAF964 /* MyCollectionViewCell.xib in Resources */,
				DFAF10132B4405A900BAF964 /* LaunchScreen.storyboard in Resources */,
				DFAF101F2B44060700BAF964 /* MyTableViewCell.xib in Resources */,
				DFAF10102B4405A900BAF964 /* Assets.xcassets in Resources */,
				DFAF100E2B4405A700BAF964 /* Main.storyboard in Resources */,
			);
			runOnlyForDeploymentPostprocessing = 0;
		};
/* End PBXResourcesBuildPhase section */

/* Begin PBXSourcesBuildPhase section */
		DFAF0FFF2B4405A700BAF964 /* Sources */ = {
			isa = PBXSourcesBuildPhase;
			buildActionMask = 2147483647;
			files = (
				DFAF100B2B4405A700BAF964 /* ViewController.swift in Sources */,
				DFAF10222B44062C00BAF964 /* MyCollectionViewCell.swift in Sources */,
				DFAF101E2B44060700BAF964 /* MyTableViewCell.swift in Sources */,
				DFAF10072B4405A700BAF964 /* AppDelegate.swift in Sources */,
				DFAF10092B4405A700BAF964 /* SceneDelegate.swift in Sources */,
			);
			runOnlyForDeploymentPostprocessing = 0;
		};
/* End PBXSourcesBuildPhase section */

/* Begin PBXVariantGroup section */
		DFAF100C2B4405A700BAF964 /* Main.storyboard */ = {
			isa = PBXVariantGroup;
			children = (
				DFAF100D2B4405A700BAF964 /* Base */,
			);
			name = Main.storyboard;
			sourceTree = "<group>";
		};
		DFAF10112B4405A900BAF964 /* LaunchScreen.storyboard */ = {
			isa = PBXVariantGroup;
			children = (
				DFAF10122B4405A900BAF964 /* Base */,
			);
			name = LaunchScreen.storyboard;
			sourceTree = "<group>";
		};
/* End PBXVariantGroup section */

/* Begin XCBuildConfiguration section */
		DFAF10152B4405A900BAF964 /* Debug */ = {
			isa = XCBuildConfiguration;
			buildSettings = {
				ALWAYS_SEARCH_USER_PATHS = NO;
				CLANG_ANALYZER_NONNULL = YES;
				CLANG_ANALYZER_NUMBER_OBJECT_CONVERSION = YES_AGGRESSIVE;
				CLANG_CXX_LANGUAGE_STANDARD = "gnu++20";
				CLANG_ENABLE_MODULES = YES;
				CLANG_ENABLE_OBJC_ARC = YES;
				CLANG_ENABLE_OBJC_WEAK = YES;
				CLANG_WARN_BLOCK_CAPTURE_AUTORELEASING = YES;
				CLANG_WARN_BOOL_CONVERSION = YES;
				CLANG_WARN_COMMA = YES;
				CLANG_WARN_CONSTANT_CONVERSION = YES;
				CLANG_WARN_DEPRECATED_OBJC_IMPLEMENTATIONS = YES;
				CLANG_WARN_DIRECT_OBJC_ISA_USAGE = YES_ERROR;
				CLANG_WARN_DOCUMENTATION_COMMENTS = YES;
				CLANG_WARN_EMPTY_BODY = YES;
				CLANG_WARN_ENUM_CONVERSION = YES;
				CLANG_WARN_INFINITE_RECURSION = YES;
				CLANG_WARN_INT_CONVERSION = YES;
				CLANG_WARN_NON_LITERAL_NULL_CONVERSION = YES;
				CLANG_WARN_OBJC_IMPLICIT_RETAIN_SELF = YES;
				CLANG_WARN_OBJC_LITERAL_CONVERSION = YES;
				CLANG_WARN_OBJC_ROOT_CLASS = YES_ERROR;
				CLANG_WARN_QUOTED_INCLUDE_IN_FRAMEWORK_HEADER = YES;
				CLANG_WARN_RANGE_LOOP_ANALYSIS = YES;
				CLANG_WARN_STRICT_PROTOTYPES = YES;
				CLANG_WARN_SUSPICIOUS_MOVE = YES;
				CLANG_WARN_UNGUARDED_AVAILABILITY = YES_AGGRESSIVE;
				CLANG_WARN_UNREACHABLE_CODE = YES;
				CLANG_WARN__DUPLICATE_METHOD_MATCH = YES;
				COPY_PHASE_STRIP = NO;
				DEBUG_INFORMATION_FORMAT = dwarf;
				ENABLE_STRICT_OBJC_MSGSEND = YES;
				ENABLE_TESTABILITY = YES;
				GCC_C_LANGUAGE_STANDARD = gnu11;
				GCC_DYNAMIC_NO_PIC = NO;
				GCC_NO_COMMON_BLOCKS = YES;
				GCC_OPTIMIZATION_LEVEL = 0;
				GCC_PREPROCESSOR_DEFINITIONS = (
					"DEBUG=1",
					"$(inherited)",
				);
				GCC_WARN_64_TO_32_BIT_CONVERSION = YES;
				GCC_WARN_ABOUT_RETURN_TYPE = YES_ERROR;
				GCC_WARN_UNDECLARED_SELECTOR = YES;
				GCC_WARN_UNINITIALIZED_AUTOS = YES_AGGRESSIVE;
				GCC_WARN_UNUSED_FUNCTION = YES;
				GCC_WARN_UNUSED_VARIABLE = YES;
				IPHONEOS_DEPLOYMENT_TARGET = 16.1;
				MTL_ENABLE_DEBUG_INFO = INCLUDE_SOURCE;
				MTL_FAST_MATH = YES;
				ONLY_ACTIVE_ARCH = YES;
				SDKROOT = iphoneos;
				SWIFT_ACTIVE_COMPILATION_CONDITIONS = DEBUG;
				SWIFT_OPTIMIZATION_LEVEL = "-Onone";
			};
			name = Debug;
		};
		DFAF10162B4405A900BAF964 /* Release */ = {
			isa = XCBuildConfiguration;
			buildSettings = {
				ALWAYS_SEARCH_USER_PATHS = NO;
				CLANG_ANALYZER_NONNULL = YES;
				CLANG_ANALYZER_NUMBER_OBJECT_CONVERSION = YES_AGGRESSIVE;
				CLANG_CXX_LANGUAGE_STANDARD = "gnu++20";
				CLANG_ENABLE_MODULES = YES;
				CLANG_ENABLE_OBJC_ARC = YES;
				CLANG_ENABLE_OBJC_WEAK = YES;
				CLANG_WARN_BLOCK_CAPTURE_AUTORELEASING = YES;
				CLANG_WARN_BOOL_CONVERSION = YES;
				CLANG_WARN_COMMA = YES;
				CLANG_WARN_CONSTANT_CONVERSION = YES;
				CLANG_WARN_DEPRECATED_OBJC_IMPLEMENTATIONS = YES;
				CLANG_WARN_DIRECT_OBJC_ISA_USAGE = YES_ERROR;
				CLANG_WARN_DOCUMENTATION_COMMENTS = YES;
				CLANG_WARN_EMPTY_BODY = YES;
				CLANG_WARN_ENUM_CONVERSION = YES;
				CLANG_WARN_INFINITE_RECURSION = YES;
				CLANG_WARN_INT_CONVERSION = YES;
				CLANG_WARN_NON_LITERAL_NULL_CONVERSION = YES;
				CLANG_WARN_OBJC_IMPLICIT_RETAIN_SELF = YES;
				CLANG_WARN_OBJC_LITERAL_CONVERSION = YES;
				CLANG_WARN_OBJC_ROOT_CLASS = YES_ERROR;
				CLANG_WARN_QUOTED_INCLUDE_IN_FRAMEWORK_HEADER = YES;
				CLANG_WARN_RANGE_LOOP_ANALYSIS = YES;
				CLANG_WARN_STRICT_PROTOTYPES = YES;
				CLANG_WARN_SUSPICIOUS_MOVE = YES;
				CLANG_WARN_UNGUARDED_AVAILABILITY = YES_AGGRESSIVE;
				CLANG_WARN_UNREACHABLE_CODE = YES;
				CLANG_WARN__DUPLICATE_METHOD_MATCH = YES;
				COPY_PHASE_STRIP = NO;
				DEBUG_INFORMATION_FORMAT = "dwarf-with-dsym";
				ENABLE_NS_ASSERTIONS = NO;
				ENABLE_STRICT_OBJC_MSGSEND = YES;
				GCC_C_LANGUAGE_STANDARD = gnu11;
				GCC_NO_COMMON_BLOCKS = YES;
				GCC_WARN_64_TO_32_BIT_CONVERSION = YES;
				GCC_WARN_ABOUT_RETURN_TYPE = YES_ERROR;
				GCC_WARN_UNDECLARED_SELECTOR = YES;
				GCC_WARN_UNINITIALIZED_AUTOS = YES_AGGRESSIVE;
				GCC_WARN_UNUSED_FUNCTION = YES;
				GCC_WARN_UNUSED_VARIABLE = YES;
				IPHONEOS_DEPLOYMENT_TARGET = 16.1;
				MTL_ENABLE_DEBUG_INFO = NO;
				MTL_FAST_MATH = YES;
				SDKROOT = iphoneos;
				SWIFT_COMPILATION_MODE = wholemodule;
				SWIFT_OPTIMIZATION_LEVEL = "-O";
				VALIDATE_PRODUCT = YES;
			};
			name = Release;
		};
		DFAF10182B4405A900BAF964 /* Debug */ = {
			isa = XCBuildConfiguration;
			buildSettings = {
				ASSETCATALOG_COMPILER_APPICON_NAME = AppIcon;
				ASSETCATALOG_COMPILER_GLOBAL_ACCENT_COLOR_NAME = AccentColor;
				CODE_SIGN_STYLE = Automatic;
				CURRENT_PROJECT_VERSION = 1;
				GENERATE_INFOPLIST_FILE = YES;
				INFOPLIST_FILE = CollectionView_in_TableViewCell/Info.plist;
				INFOPLIST_KEY_UIApplicationSupportsIndirectInputEvents = YES;
				INFOPLIST_KEY_UILaunchStoryboardName = LaunchScreen;
				INFOPLIST_KEY_UIMainStoryboardFile = Main;
				INFOPLIST_KEY_UISupportedInterfaceOrientations_iPad = "UIInterfaceOrientationPortrait UIInterfaceOrientationPortraitUpsideDown UIInterfaceOrientationLandscapeLeft UIInterfaceOrientationLandscapeRight";
				INFOPLIST_KEY_UISupportedInterfaceOrientations_iPhone = "UIInterfaceOrientationPortrait UIInterfaceOrientationLandscapeLeft UIInterfaceOrientationLandscapeRight";
				LD_RUNPATH_SEARCH_PATHS = (
					"$(inherited)",
					"@executable_path/Frameworks",
				);
				MARKETING_VERSION = 1.0;
				PRODUCT_BUNDLE_IDENTIFIER = "com.kosign.game.CollectionView-in-TableViewCell";
				PRODUCT_NAME = "$(TARGET_NAME)";
				SWIFT_EMIT_LOC_STRINGS = YES;
				SWIFT_VERSION = 5.0;
				TARGETED_DEVICE_FAMILY = "1,2";
			};
			name = Debug;
		};
		DFAF10192B4405A900BAF964 /* Release */ = {
			isa = XCBuildConfiguration;
			buildSettings = {
				ASSETCATALOG_COMPILER_APPICON_NAME = AppIcon;
				ASSETCATALOG_COMPILER_GLOBAL_ACCENT_COLOR_NAME = AccentColor;
				CODE_SIGN_STYLE = Automatic;
				CURRENT_PROJECT_VERSION = 1;
				GENERATE_INFOPLIST_FILE = YES;
				INFOPLIST_FILE = CollectionView_in_TableViewCell/Info.plist;
				INFOPLIST_KEY_UIApplicationSupportsIndirectInputEvents = YES;
				INFOPLIST_KEY_UILaunchStoryboardName = LaunchScreen;
				INFOPLIST_KEY_UIMainStoryboardFile = Main;
				INFOPLIST_KEY_UISupportedInterfaceOrientations_iPad = "UIInterfaceOrientationPortrait UIInterfaceOrientationPortraitUpsideDown UIInterfaceOrientationLandscapeLeft UIInterfaceOrientationLandscapeRight";
				INFOPLIST_KEY_UISupportedInterfaceOrientations_iPhone = "UIInterfaceOrientationPortrait UIInterfaceOrientationLandscapeLeft UIInterfaceOrientationLandscapeRight";
				LD_RUNPATH_SEARCH_PATHS = (
					"$(inherited)",
					"@executable_path/Frameworks",
				);
				MARKETING_VERSION = 1.0;
				PRODUCT_BUNDLE_IDENTIFIER = "com.kosign.game.CollectionView-in-TableViewCell";
				PRODUCT_NAME = "$(TARGET_NAME)";
				SWIFT_EMIT_LOC_STRINGS = YES;
				SWIFT_VERSION = 5.0;
				TARGETED_DEVICE_FAMILY = "1,2";
			};
			name = Release;
		};
/* End XCBuildConfiguration section */

/* Begin XCConfigurationList section */
		DFAF0FFE2B4405A700BAF964 /* Build configuration list for PBXProject "CollectionView_in_TableViewCell" */ = {
			isa = XCConfigurationList;
			buildConfigurations = (
				DFAF10152B4405A900BAF964 /* Debug */,
				DFAF10162B4405A900BAF964 /* Release */,
			);
			defaultConfigurationIsVisible = 0;
			defaultConfigurationName = Release;
		};
		DFAF10172B4405A900BAF964 /* Build configuration list for PBXNativeTarget "CollectionView_in_TableViewCell" */ = {
			isa = XCConfigurationList;
			buildConfigurations = (
				DFAF10182B4405A900BAF964 /* Debug */,
				DFAF10192B4405A900BAF964 /* Release */,
			);
			defaultConfigurationIsVisible = 0;
			defaultConfigurationName = Release;
		};
/* End XCConfigurationList section */
	};
	rootObject = DFAF0FFB2B4405A700BAF964 /* Project object */;
}
